
Microsoft Visual Studio Solution File, Format Version 12.00
# Visual Studio Version 16
VisualStudioVersion = 16.0.30225.117
MinimumVisualStudioVersion = 10.0.40219.1
Project("{FAE04EC0-301F-11D3-BF4B-00C04F79EFBC}") = "TripShare", "TripShare\TripShare.csproj", "{559B9BD0-D6C5-42EF-9178-17C046928C11}"
EndProject
Project("{FAE04EC0-301F-11D3-BF4B-00C04F79EFBC}") = "Testy", "Testy\Testy.csproj", "{31FE8159-C2CE-4C4C-B40A-BA184210FF38}"
EndProject
Global
	GlobalSection(SolutionConfigurationPlatforms) = preSolution
		Debug|Any CPU = Debug|Any CPU
		Release|Any CPU = Release|Any CPU
	EndGlobalSection
	GlobalSection(ProjectConfigurationPlatforms) = postSolution
		{559B9BD0-D6C5-42EF-9178-17C046928C11}.Debug|Any CPU.ActiveCfg = Debug|Any CPU
		{559B9BD0-D6C5-42EF-9178-17C046928C11}.Debug|Any CPU.Build.0 = Debug|Any CPU
		{559B9BD0-D6C5-42EF-9178-17C046928C11}.Release|Any CPU.ActiveCfg = Release|Any CPU
		{559B9BD0-D6C5-42EF-9178-17C046928C11}.Release|Any CPU.Build.0 = Release|Any CPU
		{31FE8159-C2CE-4C4C-B40A-BA184210FF38}.Debug|Any CPU.ActiveCfg = Debug|Any CPU
		{31FE8159-C2CE-4C4C-B40A-BA184210FF38}.Debug|Any CPU.Build.0 = Debug|Any CPU
		{31FE8159-C2CE-4C4C-B40A-BA184210FF38}.Release|Any CPU.ActiveCfg = Release|Any CPU
		{31FE8159-C2CE-4C4C-B40A-BA184210FF38}.Release|Any CPU.Build.0 = Release|Any CPU
	EndGlobalSection
	GlobalSection(SolutionProperties) = preSolution
		HideSolutionNode = FALSE
	EndGlobalSection
	GlobalSection(ExtensibilityGlobals) = postSolution
		SolutionGuid = {0F262EB3-28B5-44C6-96B2-F1021F91135D}
	EndGlobalSection
EndGlobal
